
Microsoft Visual Studio Solution File, Format Version 12.00
# Visual Studio Version 17
VisualStudioVersion = 17.4.33213.308
MinimumVisualStudioVersion = 10.0.40219.1
Project("{FAE04EC0-301F-11D3-BF4B-00C04F79EFBC}") = "SequenciaFibonacci", "SequenciaFibonacci\SequenciaFibonacci.csproj", "{530B3464-B061-4D73-8F64-2FDFFF746766}"
EndProject
Global
	GlobalSection(SolutionConfigurationPlatforms) = preSolution
		Debug|Any CPU = Debug|Any CPU
		Release|Any CPU = Release|Any CPU
	EndGlobalSection
	GlobalSection(ProjectConfigurationPlatforms) = postSolution
		{530B3464-B061-4D73-8F64-2FDFFF746766}.Debug|Any CPU.ActiveCfg = Debug|Any CPU
		{530B3464-B061-4D73-8F64-2FDFFF746766}.Debug|Any CPU.Build.0 = Debug|Any CPU
		{530B3464-B061-4D73-8F64-2FDFFF746766}.Release|Any CPU.ActiveCfg = Release|Any CPU
		{530B3464-B061-4D73-8F64-2FDFFF746766}.Release|Any CPU.Build.0 = Release|Any CPU
	EndGlobalSection
	GlobalSection(SolutionProperties) = preSolution
		HideSolutionNode = FALSE
	EndGlobalSection
	GlobalSection(ExtensibilityGlobals) = postSolution
		SolutionGuid = {59AE1BA5-D8A6-444F-AFF5-6E0243835C8E}
	EndGlobalSection
EndGlobal
