
Microsoft Visual Studio Solution File, Format Version 12.00
# Visual Studio Version 17
VisualStudioVersion = 17.4.33213.308
MinimumVisualStudioVersion = 10.0.40219.1
Project("{FAE04EC0-301F-11D3-BF4B-00C04F79EFBC}") = "FaturamentoMensal", "FaturamentoMensal\FaturamentoMensal.csproj", "{2C7B2F2B-F9E6-4425-979E-12850928125F}"
EndProject
Global
	GlobalSection(SolutionConfigurationPlatforms) = preSolution
		Debug|Any CPU = Debug|Any CPU
		Release|Any CPU = Release|Any CPU
	EndGlobalSection
	GlobalSection(ProjectConfigurationPlatforms) = postSolution
		{2C7B2F2B-F9E6-4425-979E-12850928125F}.Debug|Any CPU.ActiveCfg = Debug|Any CPU
		{2C7B2F2B-F9E6-4425-979E-12850928125F}.Debug|Any CPU.Build.0 = Debug|Any CPU
		{2C7B2F2B-F9E6-4425-979E-12850928125F}.Release|Any CPU.ActiveCfg = Release|Any CPU
		{2C7B2F2B-F9E6-4425-979E-12850928125F}.Release|Any CPU.Build.0 = Release|Any CPU
	EndGlobalSection
	GlobalSection(SolutionProperties) = preSolution
		HideSolutionNode = FALSE
	EndGlobalSection
	GlobalSection(ExtensibilityGlobals) = postSolution
		SolutionGuid = {B5191478-5628-40C6-A7B5-B2BFD41A6F61}
	EndGlobalSection
EndGlobal
